
Microsoft Visual Studio Solution File, Format Version 12.00
# Visual Studio 2013
VisualStudioVersion = 12.0.21005.1
MinimumVisualStudioVersion = 10.0.40219.1
Project("{FAE04EC0-301F-11D3-BF4B-00C04F79EFBC}") = "GradingSystem", "GradingSystem\GradingSystem.csproj", "{A80F43DA-5B56-4DC8-9C57-F546C258EE0F}"
EndProject
Global
	GlobalSection(SolutionConfigurationPlatforms) = preSolution
		Debug|Any CPU = Debug|Any CPU
		Release|Any CPU = Release|Any CPU
	EndGlobalSection
	GlobalSection(ProjectConfigurationPlatforms) = postSolution
		{A80F43DA-5B56-4DC8-9C57-F546C258EE0F}.Debug|Any CPU.ActiveCfg = Debug|Any CPU
		{A80F43DA-5B56-4DC8-9C57-F546C258EE0F}.Debug|Any CPU.Build.0 = Debug|Any CPU
		{A80F43DA-5B56-4DC8-9C57-F546C258EE0F}.Release|Any CPU.ActiveCfg = Release|Any CPU
		{A80F43DA-5B56-4DC8-9C57-F546C258EE0F}.Release|Any CPU.Build.0 = Release|Any CPU
	EndGlobalSection
	GlobalSection(SolutionProperties) = preSolution
		HideSolutionNode = FALSE
	EndGlobalSection
EndGlobal
